// !$*UTF8*$!
{
	archiveVersion = 1;
	classes = {
	};
	objectVersion = 50;
	objects = {

/* Begin PBXBuildFile section */
		020994F622567F53003430F4 /* GroupManager.swift in Sources */ = {isa = PBXBuildFile; fileRef = 020994F522567F53003430F4 /* GroupManager.swift */; };
		020A7D9E22528DE200675282 /* Notifications.swift in Sources */ = {isa = PBXBuildFile; fileRef = 020A7D9D22528DE200675282 /* Notifications.swift */; };
		020A7DA022529A3200675282 /* ChannelPickerViewController.swift in Sources */ = {isa = PBXBuildFile; fileRef = 020A7D9F22529A3200675282 /* ChannelPickerViewController.swift */; };
		020A7DA22252DD4400675282 /* MessageTableViewCell.swift in Sources */ = {isa = PBXBuildFile; fileRef = 020A7DA12252DD4400675282 /* MessageTableViewCell.swift */; };
		020A7DA42252DDD900675282 /* Layouts.swift in Sources */ = {isa = PBXBuildFile; fileRef = 020A7DA32252DDD900675282 /* Layouts.swift */; };
		025242492253A38E00B1C2FC /* NSMutableAttributedString.swift in Sources */ = {isa = PBXBuildFile; fileRef = 025242482253A38E00B1C2FC /* NSMutableAttributedString.swift */; };
		0252424B2253AA2500B1C2FC /* CmdMsg.swift in Sources */ = {isa = PBXBuildFile; fileRef = 0252424A2253AA2500B1C2FC /* CmdMsg.swift */; };
		0255E7DF225538D20035F0B7 /* MessageGroup.swift in Sources */ = {isa = PBXBuildFile; fileRef = 0255E7DE225538D20035F0B7 /* MessageGroup.swift */; };
		027213F52259A0EF004E2D2E /* UIColor.swift in Sources */ = {isa = PBXBuildFile; fileRef = 027213F42259A0EF004E2D2E /* UIColor.swift */; };
		029D5A77225255F800CAB0D1 /* AppDelegate.swift in Sources */ = {isa = PBXBuildFile; fileRef = 029D5A76225255F800CAB0D1 /* AppDelegate.swift */; };
		029D5A7C225255F800CAB0D1 /* MasterViewController.swift in Sources */ = {isa = PBXBuildFile; fileRef = 029D5A7B225255F800CAB0D1 /* MasterViewController.swift */; };
		029D5A7E225255F800CAB0D1 /* DetailViewController.swift in Sources */ = {isa = PBXBuildFile; fileRef = 029D5A7D225255F800CAB0D1 /* DetailViewController.swift */; };
		029D5A81225255F800CAB0D1 /* Main.storyboard in Resources */ = {isa = PBXBuildFile; fileRef = 029D5A7F225255F800CAB0D1 /* Main.storyboard */; };
		029D5A83225255F900CAB0D1 /* Assets.xcassets in Resources */ = {isa = PBXBuildFile; fileRef = 029D5A82225255F900CAB0D1 /* Assets.xcassets */; };
		029D5A86225255F900CAB0D1 /* LaunchScreen.storyboard in Resources */ = {isa = PBXBuildFile; fileRef = 029D5A84225255F900CAB0D1 /* LaunchScreen.storyboard */; };
		029D5A91225255F900CAB0D1 /* TomsIRCTests.swift in Sources */ = {isa = PBXBuildFile; fileRef = 029D5A90225255F900CAB0D1 /* TomsIRCTests.swift */; };
		029D5A9C225255F900CAB0D1 /* TomsIRCUITests.swift in Sources */ = {isa = PBXBuildFile; fileRef = 029D5A9B225255F900CAB0D1 /* TomsIRCUITests.swift */; };
		029D5AB8225256FE00CAB0D1 /* Date.swift in Sources */ = {isa = PBXBuildFile; fileRef = 029D5AAB225256FE00CAB0D1 /* Date.swift */; };
		029D5AB9225256FE00CAB0D1 /* MessageInputView.swift in Sources */ = {isa = PBXBuildFile; fileRef = 029D5AAC225256FE00CAB0D1 /* MessageInputView.swift */; };
		029D5ABA225256FE00CAB0D1 /* UserDefaults.swift in Sources */ = {isa = PBXBuildFile; fileRef = 029D5AAD225256FE00CAB0D1 /* UserDefaults.swift */; };
		029D5ABB225256FE00CAB0D1 /* UIViewController.swift in Sources */ = {isa = PBXBuildFile; fileRef = 029D5AAE225256FE00CAB0D1 /* UIViewController.swift */; };
		029D5ABC225256FE00CAB0D1 /* StringExtension.swift in Sources */ = {isa = PBXBuildFile; fileRef = 029D5AAF225256FE00CAB0D1 /* StringExtension.swift */; };
		029D5ABF225256FE00CAB0D1 /* ChatRoom.swift in Sources */ = {isa = PBXBuildFile; fileRef = 029D5AB3225256FE00CAB0D1 /* ChatRoom.swift */; };
		029D5AC0225256FE00CAB0D1 /* Message.swift in Sources */ = {isa = PBXBuildFile; fileRef = 029D5AB5225256FE00CAB0D1 /* Message.swift */; };
		029D5AC1225256FE00CAB0D1 /* Settings.swift in Sources */ = {isa = PBXBuildFile; fileRef = 029D5AB6225256FE00CAB0D1 /* Settings.swift */; };
		029D5AC82252572400CAB0D1 /* dbStore.swift in Sources */ = {isa = PBXBuildFile; fileRef = 029D5AC72252572400CAB0D1 /* dbStore.swift */; };
		029D5AD122525E8A00CAB0D1 /* TomsIRC.xcdatamodeld in Resources */ = {isa = PBXBuildFile; fileRef = 029D5A78225255F800CAB0D1 /* TomsIRC.xcdatamodeld */; };
		029D5AD822525EC600CAB0D1 /* IRCChannel+CoreDataClass.swift in Sources */ = {isa = PBXBuildFile; fileRef = 029D5AD222525EC600CAB0D1 /* IRCChannel+CoreDataClass.swift */; };
		029D5AD922525EC600CAB0D1 /* IRCChannel+CoreDataProperties.swift in Sources */ = {isa = PBXBuildFile; fileRef = 029D5AD322525EC600CAB0D1 /* IRCChannel+CoreDataProperties.swift */; };
		029D5ADA22525EC600CAB0D1 /* IRCMessage+CoreDataClass.swift in Sources */ = {isa = PBXBuildFile; fileRef = 029D5AD422525EC600CAB0D1 /* IRCMessage+CoreDataClass.swift */; };
		029D5ADB22525EC600CAB0D1 /* IRCMessage+CoreDataProperties.swift in Sources */ = {isa = PBXBuildFile; fileRef = 029D5AD522525EC600CAB0D1 /* IRCMessage+CoreDataProperties.swift */; };
		029D5ADC22525EC600CAB0D1 /* Event+CoreDataClass.swift in Sources */ = {isa = PBXBuildFile; fileRef = 029D5AD622525EC600CAB0D1 /* Event+CoreDataClass.swift */; };
		029D5ADD22525EC600CAB0D1 /* Event+CoreDataProperties.swift in Sources */ = {isa = PBXBuildFile; fileRef = 029D5AD722525EC600CAB0D1 /* Event+CoreDataProperties.swift */; };
		029D5ADF2252786100CAB0D1 /* ChannelTableViewCell.swift in Sources */ = {isa = PBXBuildFile; fileRef = 029D5ADE2252786100CAB0D1 /* ChannelTableViewCell.swift */; };
		1ED193DAFB1D0CC15074CA6E /* Pods_TomsIRC.framework in Frameworks */ = {isa = PBXBuildFile; fileRef = 7D11D70660493567A40F419F /* Pods_TomsIRC.framework */; };
		825CBA75C6AF341839C60420 /* Pods_TomsIRCUITests.framework in Frameworks */ = {isa = PBXBuildFile; fileRef = E593A2C5550E62B9AEE75A4D /* Pods_TomsIRCUITests.framework */; };
		A326947082A179769DE92BF1 /* Pods_TomsIRCTests.framework in Frameworks */ = {isa = PBXBuildFile; fileRef = E1E10A7E6A12A9C997680FED /* Pods_TomsIRCTests.framework */; };
/* End PBXBuildFile section */

/* Begin PBXContainerItemProxy section */
		029D5A8D225255F900CAB0D1 /* PBXContainerItemProxy */ = {
			isa = PBXContainerItemProxy;
			containerPortal = 029D5A6B225255F800CAB0D1 /* Project object */;
			proxyType = 1;
			remoteGlobalIDString = 029D5A72225255F800CAB0D1;
			remoteInfo = TomsIRC;
		};
		029D5A98225255F900CAB0D1 /* PBXContainerItemProxy */ = {
			isa = PBXContainerItemProxy;
			containerPortal = 029D5A6B225255F800CAB0D1 /* Project object */;
			proxyType = 1;
			remoteGlobalIDString = 029D5A72225255F800CAB0D1;
			remoteInfo = TomsIRC;
		};
/* End PBXContainerItemProxy section */

/* Begin PBXFileReference section */
		020994F522567F53003430F4 /* GroupManager.swift */ = {isa = PBXFileReference; lastKnownFileType = sourcecode.swift; path = GroupManager.swift; sourceTree = "<group>"; };
		020A7D9D22528DE200675282 /* Notifications.swift */ = {isa = PBXFileReference; lastKnownFileType = sourcecode.swift; path = Notifications.swift; sourceTree = "<group>"; };
		020A7D9F22529A3200675282 /* ChannelPickerViewController.swift */ = {isa = PBXFileReference; fileEncoding = 4; lastKnownFileType = sourcecode.swift; path = ChannelPickerViewController.swift; sourceTree = "<group>"; };
		020A7DA12252DD4400675282 /* MessageTableViewCell.swift */ = {isa = PBXFileReference; lastKnownFileType = sourcecode.swift; path = MessageTableViewCell.swift; sourceTree = "<group>"; };
		020A7DA32252DDD900675282 /* Layouts.swift */ = {isa = PBXFileReference; fileEncoding = 4; lastKnownFileType = sourcecode.swift; path = Layouts.swift; sourceTree = "<group>"; };
		025242482253A38E00B1C2FC /* NSMutableAttributedString.swift */ = {isa = PBXFileReference; lastKnownFileType = sourcecode.swift; path = NSMutableAttributedString.swift; sourceTree = "<group>"; };
		0252424A2253AA2500B1C2FC /* CmdMsg.swift */ = {isa = PBXFileReference; lastKnownFileType = sourcecode.swift; path = CmdMsg.swift; sourceTree = "<group>"; };
		0255E7DE225538D20035F0B7 /* MessageGroup.swift */ = {isa = PBXFileReference; lastKnownFileType = sourcecode.swift; path = MessageGroup.swift; sourceTree = "<group>"; };
		027213F42259A0EF004E2D2E /* UIColor.swift */ = {isa = PBXFileReference; lastKnownFileType = sourcecode.swift; path = UIColor.swift; sourceTree = "<group>"; };
		029D5A73225255F800CAB0D1 /* TomsIRC.app */ = {isa = PBXFileReference; explicitFileType = wrapper.application; includeInIndex = 0; path = TomsIRC.app; sourceTree = BUILT_PRODUCTS_DIR; };
		029D5A76225255F800CAB0D1 /* AppDelegate.swift */ = {isa = PBXFileReference; lastKnownFileType = sourcecode.swift; path = AppDelegate.swift; sourceTree = "<group>"; };
		029D5A79225255F800CAB0D1 /* TomsIRC.xcdatamodel */ = {isa = PBXFileReference; lastKnownFileType = wrapper.xcdatamodel; path = TomsIRC.xcdatamodel; sourceTree = "<group>"; };
		029D5A7B225255F800CAB0D1 /* MasterViewController.swift */ = {isa = PBXFileReference; lastKnownFileType = sourcecode.swift; path = MasterViewController.swift; sourceTree = "<group>"; };
		029D5A7D225255F800CAB0D1 /* DetailViewController.swift */ = {isa = PBXFileReference; lastKnownFileType = sourcecode.swift; path = DetailViewController.swift; sourceTree = "<group>"; };
		029D5A80225255F800CAB0D1 /* Base */ = {isa = PBXFileReference; lastKnownFileType = file.storyboard; name = Base; path = Base.lproj/Main.storyboard; sourceTree = "<group>"; };
		029D5A82225255F900CAB0D1 /* Assets.xcassets */ = {isa = PBXFileReference; lastKnownFileType = folder.assetcatalog; path = Assets.xcassets; sourceTree = "<group>"; };
		029D5A85225255F900CAB0D1 /* Base */ = {isa = PBXFileReference; lastKnownFileType = file.storyboard; name = Base; path = Base.lproj/LaunchScreen.storyboard; sourceTree = "<group>"; };
		029D5A87225255F900CAB0D1 /* Info.plist */ = {isa = PBXFileReference; lastKnownFileType = text.plist.xml; path = Info.plist; sourceTree = "<group>"; };
		029D5A8C225255F900CAB0D1 /* TomsIRCTests.xctest */ = {isa = PBXFileReference; explicitFileType = wrapper.cfbundle; includeInIndex = 0; path = TomsIRCTests.xctest; sourceTree = BUILT_PRODUCTS_DIR; };
		029D5A90225255F900CAB0D1 /* TomsIRCTests.swift */ = {isa = PBXFileReference; lastKnownFileType = sourcecode.swift; path = TomsIRCTests.swift; sourceTree = "<group>"; };
		029D5A92225255F900CAB0D1 /* Info.plist */ = {isa = PBXFileReference; lastKnownFileType = text.plist.xml; path = Info.plist; sourceTree = "<group>"; };
		029D5A97225255F900CAB0D1 /* TomsIRCUITests.xctest */ = {isa = PBXFileReference; explicitFileType = wrapper.cfbundle; includeInIndex = 0; path = TomsIRCUITests.xctest; sourceTree = BUILT_PRODUCTS_DIR; };
		029D5A9B225255F900CAB0D1 /* TomsIRCUITests.swift */ = {isa = PBXFileReference; lastKnownFileType = sourcecode.swift; path = TomsIRCUITests.swift; sourceTree = "<group>"; };
		029D5A9D225255F900CAB0D1 /* Info.plist */ = {isa = PBXFileReference; lastKnownFileType = text.plist.xml; path = Info.plist; sourceTree = "<group>"; };
		029D5AAB225256FE00CAB0D1 /* Date.swift */ = {isa = PBXFileReference; fileEncoding = 4; lastKnownFileType = sourcecode.swift; path = Date.swift; sourceTree = "<group>"; };
		029D5AAC225256FE00CAB0D1 /* MessageInputView.swift */ = {isa = PBXFileReference; fileEncoding = 4; lastKnownFileType = sourcecode.swift; path = MessageInputView.swift; sourceTree = "<group>"; };
		029D5AAD225256FE00CAB0D1 /* UserDefaults.swift */ = {isa = PBXFileReference; fileEncoding = 4; lastKnownFileType = sourcecode.swift; path = UserDefaults.swift; sourceTree = "<group>"; };
		029D5AAE225256FE00CAB0D1 /* UIViewController.swift */ = {isa = PBXFileReference; fileEncoding = 4; lastKnownFileType = sourcecode.swift; path = UIViewController.swift; sourceTree = "<group>"; };
		029D5AAF225256FE00CAB0D1 /* StringExtension.swift */ = {isa = PBXFileReference; fileEncoding = 4; lastKnownFileType = sourcecode.swift; path = StringExtension.swift; sourceTree = "<group>"; };
		029D5AB3225256FE00CAB0D1 /* ChatRoom.swift */ = {isa = PBXFileReference; fileEncoding = 4; lastKnownFileType = sourcecode.swift; path = ChatRoom.swift; sourceTree = "<group>"; };
		029D5AB5225256FE00CAB0D1 /* Message.swift */ = {isa = PBXFileReference; fileEncoding = 4; lastKnownFileType = sourcecode.swift; path = Message.swift; sourceTree = "<group>"; };
		029D5AB6225256FE00CAB0D1 /* Settings.swift */ = {isa = PBXFileReference; fileEncoding = 4; lastKnownFileType = sourcecode.swift; path = Settings.swift; sourceTree = "<group>"; };
		029D5AC72252572400CAB0D1 /* dbStore.swift */ = {isa = PBXFileReference; fileEncoding = 4; lastKnownFileType = sourcecode.swift; path = dbStore.swift; sourceTree = "<group>"; };
		029D5AD222525EC600CAB0D1 /* IRCChannel+CoreDataClass.swift */ = {isa = PBXFileReference; lastKnownFileType = sourcecode.swift; path = "IRCChannel+CoreDataClass.swift"; sourceTree = "<group>"; };
		029D5AD322525EC600CAB0D1 /* IRCChannel+CoreDataProperties.swift */ = {isa = PBXFileReference; lastKnownFileType = sourcecode.swift; path = "IRCChannel+CoreDataProperties.swift"; sourceTree = "<group>"; };
		029D5AD422525EC600CAB0D1 /* IRCMessage+CoreDataClass.swift */ = {isa = PBXFileReference; lastKnownFileType = sourcecode.swift; path = "IRCMessage+CoreDataClass.swift"; sourceTree = "<group>"; };
		029D5AD522525EC600CAB0D1 /* IRCMessage+CoreDataProperties.swift */ = {isa = PBXFileReference; lastKnownFileType = sourcecode.swift; path = "IRCMessage+CoreDataProperties.swift"; sourceTree = "<group>"; };
		029D5AD622525EC600CAB0D1 /* Event+CoreDataClass.swift */ = {isa = PBXFileReference; lastKnownFileType = sourcecode.swift; path = "Event+CoreDataClass.swift"; sourceTree = "<group>"; };
		029D5AD722525EC600CAB0D1 /* Event+CoreDataProperties.swift */ = {isa = PBXFileReference; lastKnownFileType = sourcecode.swift; path = "Event+CoreDataProperties.swift"; sourceTree = "<group>"; };
		029D5ADE2252786100CAB0D1 /* ChannelTableViewCell.swift */ = {isa = PBXFileReference; fileEncoding = 4; lastKnownFileType = sourcecode.swift; path = ChannelTableViewCell.swift; sourceTree = "<group>"; };
		071C272FB7DB1CD1645F3B75 /* Pods-TomsIRCUITests.debug.xcconfig */ = {isa = PBXFileReference; includeInIndex = 1; lastKnownFileType = text.xcconfig; name = "Pods-TomsIRCUITests.debug.xcconfig"; path = "Target Support Files/Pods-TomsIRCUITests/Pods-TomsIRCUITests.debug.xcconfig"; sourceTree = "<group>"; };
		584B5097EE2B5C8DDBFCF0E0 /* Pods-TomsIRC.debug.xcconfig */ = {isa = PBXFileReference; includeInIndex = 1; lastKnownFileType = text.xcconfig; name = "Pods-TomsIRC.debug.xcconfig"; path = "Target Support Files/Pods-TomsIRC/Pods-TomsIRC.debug.xcconfig"; sourceTree = "<group>"; };
		7D11D70660493567A40F419F /* Pods_TomsIRC.framework */ = {isa = PBXFileReference; explicitFileType = wrapper.framework; includeInIndex = 0; path = Pods_TomsIRC.framework; sourceTree = BUILT_PRODUCTS_DIR; };
		87FE670001E5AF1B33139316 /* Pods-TomsIRC.release.xcconfig */ = {isa = PBXFileReference; includeInIndex = 1; lastKnownFileType = text.xcconfig; name = "Pods-TomsIRC.release.xcconfig"; path = "Target Support Files/Pods-TomsIRC/Pods-TomsIRC.release.xcconfig"; sourceTree = "<group>"; };
		B7404BD25F9C6FDE57B80A0D /* Pods-TomsIRCUITests.release.xcconfig */ = {isa = PBXFileReference; includeInIndex = 1; lastKnownFileType = text.xcconfig; name = "Pods-TomsIRCUITests.release.xcconfig"; path = "Target Support Files/Pods-TomsIRCUITests/Pods-TomsIRCUITests.release.xcconfig"; sourceTree = "<group>"; };
		D9E692AAD857073D8B88291D /* Pods-TomsIRCTests.release.xcconfig */ = {isa = PBXFileReference; includeInIndex = 1; lastKnownFileType = text.xcconfig; name = "Pods-TomsIRCTests.release.xcconfig"; path = "Target Support Files/Pods-TomsIRCTests/Pods-TomsIRCTests.release.xcconfig"; sourceTree = "<group>"; };
		E1E10A7E6A12A9C997680FED /* Pods_TomsIRCTests.framework */ = {isa = PBXFileReference; explicitFileType = wrapper.framework; includeInIndex = 0; path = Pods_TomsIRCTests.framework; sourceTree = BUILT_PRODUCTS_DIR; };
		E593A2C5550E62B9AEE75A4D /* Pods_TomsIRCUITests.framework */ = {isa = PBXFileReference; explicitFileType = wrapper.framework; includeInIndex = 0; path = Pods_TomsIRCUITests.framework; sourceTree = BUILT_PRODUCTS_DIR; };
		E665DA25908B22852BFA64E6 /* Pods-TomsIRCTests.debug.xcconfig */ = {isa = PBXFileReference; includeInIndex = 1; lastKnownFileType = text.xcconfig; name = "Pods-TomsIRCTests.debug.xcconfig"; path = "Target Support Files/Pods-TomsIRCTests/Pods-TomsIRCTests.debug.xcconfig"; sourceTree = "<group>"; };
/* End PBXFileReference section */

/* Begin PBXFrameworksBuildPhase section */
		029D5A70225255F800CAB0D1 /* Frameworks */ = {
			isa = PBXFrameworksBuildPhase;
			buildActionMask = 2147483647;
			files = (
				1ED193DAFB1D0CC15074CA6E /* Pods_TomsIRC.framework in Frameworks */,
			);
			runOnlyForDeploymentPostprocessing = 0;
		};
		029D5A89225255F900CAB0D1 /* Frameworks */ = {
			isa = PBXFrameworksBuildPhase;
			buildActionMask = 2147483647;
			files = (
				A326947082A179769DE92BF1 /* Pods_TomsIRCTests.framework in Frameworks */,
			);
			runOnlyForDeploymentPostprocessing = 0;
		};
		029D5A94225255F900CAB0D1 /* Frameworks */ = {
			isa = PBXFrameworksBuildPhase;
			buildActionMask = 2147483647;
			files = (
				825CBA75C6AF341839C60420 /* Pods_TomsIRCUITests.framework in Frameworks */,
			);
			runOnlyForDeploymentPostprocessing = 0;
		};
/* End PBXFrameworksBuildPhase section */

/* Begin PBXGroup section */
		020A7DA52252DE3300675282 /* ViewControllers */ = {
			isa = PBXGroup;
			children = (
			);
			path = ViewControllers;
			sourceTree = "<group>";
		};
		029D5A6A225255F800CAB0D1 = {
			isa = PBXGroup;
			children = (
				029D5A75225255F800CAB0D1 /* TomsIRC */,
				029D5A8F225255F900CAB0D1 /* TomsIRCTests */,
				029D5A9A225255F900CAB0D1 /* TomsIRCUITests */,
				029D5A74225255F800CAB0D1 /* Products */,
				034DF9A3DF78D38AD6EFE130 /* Pods */,
				B65B67E9829788D07E7E3687 /* Frameworks */,
			);
			sourceTree = "<group>";
		};
		029D5A74225255F800CAB0D1 /* Products */ = {
			isa = PBXGroup;
			children = (
				029D5A73225255F800CAB0D1 /* TomsIRC.app */,
				029D5A8C225255F900CAB0D1 /* TomsIRCTests.xctest */,
				029D5A97225255F900CAB0D1 /* TomsIRCUITests.xctest */,
			);
			name = Products;
			sourceTree = "<group>";
		};
		029D5A75225255F800CAB0D1 /* TomsIRC */ = {
			isa = PBXGroup;
			children = (
				020A7DA52252DE3300675282 /* ViewControllers */,
				029D5AC22252570E00CAB0D1 /* CustomCells */,
				029D5AA9225256FE00CAB0D1 /* Extensions */,
				029D5AB4225256FE00CAB0D1 /* Model */,
				029D5AB2225256FE00CAB0D1 /* Utils */,
				029D5A76225255F800CAB0D1 /* AppDelegate.swift */,
				029D5A7B225255F800CAB0D1 /* MasterViewController.swift */,
				029D5A7D225255F800CAB0D1 /* DetailViewController.swift */,
				020A7D9F22529A3200675282 /* ChannelPickerViewController.swift */,
				029D5A7F225255F800CAB0D1 /* Main.storyboard */,
				029D5A82225255F900CAB0D1 /* Assets.xcassets */,
				029D5A84225255F900CAB0D1 /* LaunchScreen.storyboard */,
				029D5A87225255F900CAB0D1 /* Info.plist */,
				029D5A78225255F800CAB0D1 /* TomsIRC.xcdatamodeld */,
			);
			path = TomsIRC;
			sourceTree = "<group>";
		};
		029D5A8F225255F900CAB0D1 /* TomsIRCTests */ = {
			isa = PBXGroup;
			children = (
				029D5A90225255F900CAB0D1 /* TomsIRCTests.swift */,
				029D5A92225255F900CAB0D1 /* Info.plist */,
			);
			path = TomsIRCTests;
			sourceTree = "<group>";
		};
		029D5A9A225255F900CAB0D1 /* TomsIRCUITests */ = {
			isa = PBXGroup;
			children = (
				029D5A9B225255F900CAB0D1 /* TomsIRCUITests.swift */,
				029D5A9D225255F900CAB0D1 /* Info.plist */,
			);
			path = TomsIRCUITests;
			sourceTree = "<group>";
		};
		029D5AA9225256FE00CAB0D1 /* Extensions */ = {
			isa = PBXGroup;
			children = (
				020A7DA32252DDD900675282 /* Layouts.swift */,
				029D5AAB225256FE00CAB0D1 /* Date.swift */,
				029D5AAC225256FE00CAB0D1 /* MessageInputView.swift */,
				029D5AAD225256FE00CAB0D1 /* UserDefaults.swift */,
				029D5AAE225256FE00CAB0D1 /* UIViewController.swift */,
				029D5AAF225256FE00CAB0D1 /* StringExtension.swift */,
				020A7D9D22528DE200675282 /* Notifications.swift */,
				025242482253A38E00B1C2FC /* NSMutableAttributedString.swift */,
				027213F42259A0EF004E2D2E /* UIColor.swift */,
			);
			path = Extensions;
			sourceTree = "<group>";
		};
		029D5AB2225256FE00CAB0D1 /* Utils */ = {
			isa = PBXGroup;
			children = (
				029D5AC72252572400CAB0D1 /* dbStore.swift */,
				029D5AB3225256FE00CAB0D1 /* ChatRoom.swift */,
				020994F522567F53003430F4 /* GroupManager.swift */,
			);
			path = Utils;
			sourceTree = "<group>";
		};
		029D5AB4225256FE00CAB0D1 /* Model */ = {
			isa = PBXGroup;
			children = (
				029D5AD222525EC600CAB0D1 /* IRCChannel+CoreDataClass.swift */,
				029D5AD322525EC600CAB0D1 /* IRCChannel+CoreDataProperties.swift */,
				029D5AD422525EC600CAB0D1 /* IRCMessage+CoreDataClass.swift */,
				029D5AD522525EC600CAB0D1 /* IRCMessage+CoreDataProperties.swift */,
				029D5AD622525EC600CAB0D1 /* Event+CoreDataClass.swift */,
				029D5AD722525EC600CAB0D1 /* Event+CoreDataProperties.swift */,
				029D5AB5225256FE00CAB0D1 /* Message.swift */,
				029D5AB6225256FE00CAB0D1 /* Settings.swift */,
				0252424A2253AA2500B1C2FC /* CmdMsg.swift */,
				0255E7DE225538D20035F0B7 /* MessageGroup.swift */,
			);
			path = Model;
			sourceTree = "<group>";
		};
		029D5AC22252570E00CAB0D1 /* CustomCells */ = {
			isa = PBXGroup;
			children = (
				029D5ADE2252786100CAB0D1 /* ChannelTableViewCell.swift */,
				020A7DA12252DD4400675282 /* MessageTableViewCell.swift */,
			);
			path = CustomCells;
			sourceTree = "<group>";
		};
		034DF9A3DF78D38AD6EFE130 /* Pods */ = {
			isa = PBXGroup;
			children = (
				584B5097EE2B5C8DDBFCF0E0 /* Pods-TomsIRC.debug.xcconfig */,
				87FE670001E5AF1B33139316 /* Pods-TomsIRC.release.xcconfig */,
				E665DA25908B22852BFA64E6 /* Pods-TomsIRCTests.debug.xcconfig */,
				D9E692AAD857073D8B88291D /* Pods-TomsIRCTests.release.xcconfig */,
				071C272FB7DB1CD1645F3B75 /* Pods-TomsIRCUITests.debug.xcconfig */,
				B7404BD25F9C6FDE57B80A0D /* Pods-TomsIRCUITests.release.xcconfig */,
			);
			path = Pods;
			sourceTree = "<group>";
		};
		B65B67E9829788D07E7E3687 /* Frameworks */ = {
			isa = PBXGroup;
			children = (
				7D11D70660493567A40F419F /* Pods_TomsIRC.framework */,
				E1E10A7E6A12A9C997680FED /* Pods_TomsIRCTests.framework */,
				E593A2C5550E62B9AEE75A4D /* Pods_TomsIRCUITests.framework */,
			);
			name = Frameworks;
			sourceTree = "<group>";
		};
/* End PBXGroup section */

/* Begin PBXNativeTarget section */
		029D5A72225255F800CAB0D1 /* TomsIRC */ = {
			isa = PBXNativeTarget;
			buildConfigurationList = 029D5AA0225255F900CAB0D1 /* Build configuration list for PBXNativeTarget "TomsIRC" */;
			buildPhases = (
				5A9BF87305FD9CE58AC50A7C /* [CP] Check Pods Manifest.lock */,
				029D5A6F225255F800CAB0D1 /* Sources */,
				029D5A70225255F800CAB0D1 /* Frameworks */,
				029D5A71225255F800CAB0D1 /* Resources */,
				A563940E2D5A3A4940545612 /* [CP] Embed Pods Frameworks */,
			);
			buildRules = (
			);
			dependencies = (
			);
			name = TomsIRC;
			productName = TomsIRC;
			productReference = 029D5A73225255F800CAB0D1 /* TomsIRC.app */;
			productType = "com.apple.product-type.application";
		};
		029D5A8B225255F900CAB0D1 /* TomsIRCTests */ = {
			isa = PBXNativeTarget;
			buildConfigurationList = 029D5AA3225255F900CAB0D1 /* Build configuration list for PBXNativeTarget "TomsIRCTests" */;
			buildPhases = (
				03B73962B465379E5DBC3A00 /* [CP] Check Pods Manifest.lock */,
				029D5A88225255F900CAB0D1 /* Sources */,
				029D5A89225255F900CAB0D1 /* Frameworks */,
				029D5A8A225255F900CAB0D1 /* Resources */,
			);
			buildRules = (
			);
			dependencies = (
				029D5A8E225255F900CAB0D1 /* PBXTargetDependency */,
			);
			name = TomsIRCTests;
			productName = TomsIRCTests;
			productReference = 029D5A8C225255F900CAB0D1 /* TomsIRCTests.xctest */;
			productType = "com.apple.product-type.bundle.unit-test";
		};
		029D5A96225255F900CAB0D1 /* TomsIRCUITests */ = {
			isa = PBXNativeTarget;
			buildConfigurationList = 029D5AA6225255F900CAB0D1 /* Build configuration list for PBXNativeTarget "TomsIRCUITests" */;
			buildPhases = (
				AB8C53EB81248EDC2F31B35D /* [CP] Check Pods Manifest.lock */,
				029D5A93225255F900CAB0D1 /* Sources */,
				029D5A94225255F900CAB0D1 /* Frameworks */,
				029D5A95225255F900CAB0D1 /* Resources */,
			);
			buildRules = (
			);
			dependencies = (
				029D5A99225255F900CAB0D1 /* PBXTargetDependency */,
			);
			name = TomsIRCUITests;
			productName = TomsIRCUITests;
			productReference = 029D5A97225255F900CAB0D1 /* TomsIRCUITests.xctest */;
			productType = "com.apple.product-type.bundle.ui-testing";
		};
/* End PBXNativeTarget section */

/* Begin PBXProject section */
		029D5A6B225255F800CAB0D1 /* Project object */ = {
			isa = PBXProject;
			attributes = {
				LastSwiftUpdateCheck = 1020;
				LastUpgradeCheck = 1020;
				ORGANIZATIONNAME = thackbarth.com;
				TargetAttributes = {
					029D5A72225255F800CAB0D1 = {
						CreatedOnToolsVersion = 10.2;
					};
					029D5A8B225255F900CAB0D1 = {
						CreatedOnToolsVersion = 10.2;
						TestTargetID = 029D5A72225255F800CAB0D1;
					};
					029D5A96225255F900CAB0D1 = {
						CreatedOnToolsVersion = 10.2;
						TestTargetID = 029D5A72225255F800CAB0D1;
					};
				};
			};
			buildConfigurationList = 029D5A6E225255F800CAB0D1 /* Build configuration list for PBXProject "TomsIRC" */;
			compatibilityVersion = "Xcode 9.3";
			developmentRegion = en;
			hasScannedForEncodings = 0;
			knownRegions = (
				en,
				Base,
			);
			mainGroup = 029D5A6A225255F800CAB0D1;
			productRefGroup = 029D5A74225255F800CAB0D1 /* Products */;
			projectDirPath = "";
			projectRoot = "";
			targets = (
				029D5A72225255F800CAB0D1 /* TomsIRC */,
				029D5A8B225255F900CAB0D1 /* TomsIRCTests */,
				029D5A96225255F900CAB0D1 /* TomsIRCUITests */,
			);
		};
/* End PBXProject section */

/* Begin PBXResourcesBuildPhase section */
		029D5A71225255F800CAB0D1 /* Resources */ = {
			isa = PBXResourcesBuildPhase;
			buildActionMask = 2147483647;
			files = (
				029D5AD122525E8A00CAB0D1 /* TomsIRC.xcdatamodeld in Resources */,
				029D5A86225255F900CAB0D1 /* LaunchScreen.storyboard in Resources */,
				029D5A83225255F900CAB0D1 /* Assets.xcassets in Resources */,
				029D5A81225255F800CAB0D1 /* Main.storyboard in Resources */,
			);
			runOnlyForDeploymentPostprocessing = 0;
		};
		029D5A8A225255F900CAB0D1 /* Resources */ = {
			isa = PBXResourcesBuildPhase;
			buildActionMask = 2147483647;
			files = (
			);
			runOnlyForDeploymentPostprocessing = 0;
		};
		029D5A95225255F900CAB0D1 /* Resources */ = {
			isa = PBXResourcesBuildPhase;
			buildActionMask = 2147483647;
			files = (
			);
			runOnlyForDeploymentPostprocessing = 0;
		};
/* End PBXResourcesBuildPhase section */

/* Begin PBXShellScriptBuildPhase section */
		03B73962B465379E5DBC3A00 /* [CP] Check Pods Manifest.lock */ = {
			isa = PBXShellScriptBuildPhase;
			buildActionMask = 2147483647;
			files = (
			);
			inputFileListPaths = (
			);
			inputPaths = (
				"${PODS_PODFILE_DIR_PATH}/Podfile.lock",
				"${PODS_ROOT}/Manifest.lock",
			);
			name = "[CP] Check Pods Manifest.lock";
			outputFileListPaths = (
			);
			outputPaths = (
				"$(DERIVED_FILE_DIR)/Pods-TomsIRCTests-checkManifestLockResult.txt",
			);
			runOnlyForDeploymentPostprocessing = 0;
			shellPath = /bin/sh;
			shellScript = "diff \"${PODS_PODFILE_DIR_PATH}/Podfile.lock\" \"${PODS_ROOT}/Manifest.lock\" > /dev/null\nif [ $? != 0 ] ; then\n    # print error to STDERR\n    echo \"error: The sandbox is not in sync with the Podfile.lock. Run 'pod install' or update your CocoaPods installation.\" >&2\n    exit 1\nfi\n# This output is used by Xcode 'outputs' to avoid re-running this script phase.\necho \"SUCCESS\" > \"${SCRIPT_OUTPUT_FILE_0}\"\n";
			showEnvVarsInLog = 0;
		};
		5A9BF87305FD9CE58AC50A7C /* [CP] Check Pods Manifest.lock */ = {
			isa = PBXShellScriptBuildPhase;
			buildActionMask = 2147483647;
			files = (
			);
			inputFileListPaths = (
			);
			inputPaths = (
				"${PODS_PODFILE_DIR_PATH}/Podfile.lock",
				"${PODS_ROOT}/Manifest.lock",
			);
			name = "[CP] Check Pods Manifest.lock";
			outputFileListPaths = (
			);
			outputPaths = (
				"$(DERIVED_FILE_DIR)/Pods-TomsIRC-checkManifestLockResult.txt",
			);
			runOnlyForDeploymentPostprocessing = 0;
			shellPath = /bin/sh;
			shellScript = "diff \"${PODS_PODFILE_DIR_PATH}/Podfile.lock\" \"${PODS_ROOT}/Manifest.lock\" > /dev/null\nif [ $? != 0 ] ; then\n    # print error to STDERR\n    echo \"error: The sandbox is not in sync with the Podfile.lock. Run 'pod install' or update your CocoaPods installation.\" >&2\n    exit 1\nfi\n# This output is used by Xcode 'outputs' to avoid re-running this script phase.\necho \"SUCCESS\" > \"${SCRIPT_OUTPUT_FILE_0}\"\n";
			showEnvVarsInLog = 0;
		};
		A563940E2D5A3A4940545612 /* [CP] Embed Pods Frameworks */ = {
			isa = PBXShellScriptBuildPhase;
			buildActionMask = 2147483647;
			files = (
			);
			inputFileListPaths = (
			);
			inputPaths = (
				"${PODS_ROOT}/Target Support Files/Pods-TomsIRC/Pods-TomsIRC-frameworks.sh",
				"${BUILT_PRODUCTS_DIR}/RxAtomic/RxAtomic.framework",
				"${BUILT_PRODUCTS_DIR}/RxCocoa/RxCocoa.framework",
				"${BUILT_PRODUCTS_DIR}/RxSwift/RxSwift.framework",
			);
			name = "[CP] Embed Pods Frameworks";
			outputFileListPaths = (
			);
			outputPaths = (
				"${TARGET_BUILD_DIR}/${FRAMEWORKS_FOLDER_PATH}/RxAtomic.framework",
				"${TARGET_BUILD_DIR}/${FRAMEWORKS_FOLDER_PATH}/RxCocoa.framework",
				"${TARGET_BUILD_DIR}/${FRAMEWORKS_FOLDER_PATH}/RxSwift.framework",
			);
			runOnlyForDeploymentPostprocessing = 0;
			shellPath = /bin/sh;
			shellScript = "\"${PODS_ROOT}/Target Support Files/Pods-TomsIRC/Pods-TomsIRC-frameworks.sh\"\n";
			showEnvVarsInLog = 0;
		};
		AB8C53EB81248EDC2F31B35D /* [CP] Check Pods Manifest.lock */ = {
			isa = PBXShellScriptBuildPhase;
			buildActionMask = 2147483647;
			files = (
			);
			inputFileListPaths = (
			);
			inputPaths = (
				"${PODS_PODFILE_DIR_PATH}/Podfile.lock",
				"${PODS_ROOT}/Manifest.lock",
			);
			name = "[CP] Check Pods Manifest.lock";
			outputFileListPaths = (
			);
			outputPaths = (
				"$(DERIVED_FILE_DIR)/Pods-TomsIRCUITests-checkManifestLockResult.txt",
			);
			runOnlyForDeploymentPostprocessing = 0;
			shellPath = /bin/sh;
			shellScript = "diff \"${PODS_PODFILE_DIR_PATH}/Podfile.lock\" \"${PODS_ROOT}/Manifest.lock\" > /dev/null\nif [ $? != 0 ] ; then\n    # print error to STDERR\n    echo \"error: The sandbox is not in sync with the Podfile.lock. Run 'pod install' or update your CocoaPods installation.\" >&2\n    exit 1\nfi\n# This output is used by Xcode 'outputs' to avoid re-running this script phase.\necho \"SUCCESS\" > \"${SCRIPT_OUTPUT_FILE_0}\"\n";
			showEnvVarsInLog = 0;
		};
/* End PBXShellScriptBuildPhase section */

/* Begin PBXSourcesBuildPhase section */
		029D5A6F225255F800CAB0D1 /* Sources */ = {
			isa = PBXSourcesBuildPhase;
			buildActionMask = 2147483647;
			files = (
				020A7D9E22528DE200675282 /* Notifications.swift in Sources */,
				027213F52259A0EF004E2D2E /* UIColor.swift in Sources */,
				020A7DA42252DDD900675282 /* Layouts.swift in Sources */,
				029D5A77225255F800CAB0D1 /* AppDelegate.swift in Sources */,
				029D5ADF2252786100CAB0D1 /* ChannelTableViewCell.swift in Sources */,
				029D5AB9225256FE00CAB0D1 /* MessageInputView.swift in Sources */,
				020A7DA022529A3200675282 /* ChannelPickerViewController.swift in Sources */,
				029D5ABC225256FE00CAB0D1 /* StringExtension.swift in Sources */,
				029D5ABB225256FE00CAB0D1 /* UIViewController.swift in Sources */,
				029D5ADB22525EC600CAB0D1 /* IRCMessage+CoreDataProperties.swift in Sources */,
				029D5ADD22525EC600CAB0D1 /* Event+CoreDataProperties.swift in Sources */,
				029D5AB8225256FE00CAB0D1 /* Date.swift in Sources */,
				020994F622567F53003430F4 /* GroupManager.swift in Sources */,
				029D5AD822525EC600CAB0D1 /* IRCChannel+CoreDataClass.swift in Sources */,
				029D5ADC22525EC600CAB0D1 /* Event+CoreDataClass.swift in Sources */,
				0252424B2253AA2500B1C2FC /* CmdMsg.swift in Sources */,
				029D5ADA22525EC600CAB0D1 /* IRCMessage+CoreDataClass.swift in Sources */,
				029D5ABA225256FE00CAB0D1 /* UserDefaults.swift in Sources */,
				029D5AD922525EC600CAB0D1 /* IRCChannel+CoreDataProperties.swift in Sources */,
				0255E7DF225538D20035F0B7 /* MessageGroup.swift in Sources */,
				020A7DA22252DD4400675282 /* MessageTableViewCell.swift in Sources */,
				029D5AC1225256FE00CAB0D1 /* Settings.swift in Sources */,
				029D5A7C225255F800CAB0D1 /* MasterViewController.swift in Sources */,
				029D5ABF225256FE00CAB0D1 /* ChatRoom.swift in Sources */,
				025242492253A38E00B1C2FC /* NSMutableAttributedString.swift in Sources */,
				029D5A7E225255F800CAB0D1 /* DetailViewController.swift in Sources */,
				029D5AC0225256FE00CAB0D1 /* Message.swift in Sources */,
				029D5AC82252572400CAB0D1 /* dbStore.swift in Sources */,
			);
			runOnlyForDeploymentPostprocessing = 0;
		};
		029D5A88225255F900CAB0D1 /* Sources */ = {
			isa = PBXSourcesBuildPhase;
			buildActionMask = 2147483647;
			files = (
				029D5A91225255F900CAB0D1 /* TomsIRCTests.swift in Sources */,
			);
			runOnlyForDeploymentPostprocessing = 0;
		};
		029D5A93225255F900CAB0D1 /* Sources */ = {
			isa = PBXSourcesBuildPhase;
			buildActionMask = 2147483647;
			files = (
				029D5A9C225255F900CAB0D1 /* TomsIRCUITests.swift in Sources */,
			);
			runOnlyForDeploymentPostprocessing = 0;
		};
/* End PBXSourcesBuildPhase section */

/* Begin PBXTargetDependency section */
		029D5A8E225255F900CAB0D1 /* PBXTargetDependency */ = {
			isa = PBXTargetDependency;
			target = 029D5A72225255F800CAB0D1 /* TomsIRC */;
			targetProxy = 029D5A8D225255F900CAB0D1 /* PBXContainerItemProxy */;
		};
		029D5A99225255F900CAB0D1 /* PBXTargetDependency */ = {
			isa = PBXTargetDependency;
			target = 029D5A72225255F800CAB0D1 /* TomsIRC */;
			targetProxy = 029D5A98225255F900CAB0D1 /* PBXContainerItemProxy */;
		};
/* End PBXTargetDependency section */

/* Begin PBXVariantGroup section */
		029D5A7F225255F800CAB0D1 /* Main.storyboard */ = {
			isa = PBXVariantGroup;
			children = (
				029D5A80225255F800CAB0D1 /* Base */,
			);
			name = Main.storyboard;
			sourceTree = "<group>";
		};
		029D5A84225255F900CAB0D1 /* LaunchScreen.storyboard */ = {
			isa = PBXVariantGroup;
			children = (
				029D5A85225255F900CAB0D1 /* Base */,
			);
			name = LaunchScreen.storyboard;
			sourceTree = "<group>";
		};
/* End PBXVariantGroup section */

/* Begin XCBuildConfiguration section */
		029D5A9E225255F900CAB0D1 /* Debug */ = {
			isa = XCBuildConfiguration;
			buildSettings = {
				ALWAYS_SEARCH_USER_PATHS = NO;
				CLANG_ANALYZER_NONNULL = YES;
				CLANG_ANALYZER_NUMBER_OBJECT_CONVERSION = YES_AGGRESSIVE;
				CLANG_CXX_LANGUAGE_STANDARD = "gnu++14";
				CLANG_CXX_LIBRARY = "libc++";
				CLANG_ENABLE_MODULES = YES;
				CLANG_ENABLE_OBJC_ARC = YES;
				CLANG_ENABLE_OBJC_WEAK = YES;
				CLANG_WARN_BLOCK_CAPTURE_AUTORELEASING = YES;
				CLANG_WARN_BOOL_CONVERSION = YES;
				CLANG_WARN_COMMA = YES;
				CLANG_WARN_CONSTANT_CONVERSION = YES;
				CLANG_WARN_DEPRECATED_OBJC_IMPLEMENTATIONS = YES;
				CLANG_WARN_DIRECT_OBJC_ISA_USAGE = YES_ERROR;
				CLANG_WARN_DOCUMENTATION_COMMENTS = YES;
				CLANG_WARN_EMPTY_BODY = YES;
				CLANG_WARN_ENUM_CONVERSION = YES;
				CLANG_WARN_INFINITE_RECURSION = YES;
				CLANG_WARN_INT_CONVERSION = YES;
				CLANG_WARN_NON_LITERAL_NULL_CONVERSION = YES;
				CLANG_WARN_OBJC_IMPLICIT_RETAIN_SELF = YES;
				CLANG_WARN_OBJC_LITERAL_CONVERSION = YES;
				CLANG_WARN_OBJC_ROOT_CLASS = YES_ERROR;
				CLANG_WARN_RANGE_LOOP_ANALYSIS = YES;
				CLANG_WARN_STRICT_PROTOTYPES = YES;
				CLANG_WARN_SUSPICIOUS_MOVE = YES;
				CLANG_WARN_UNGUARDED_AVAILABILITY = YES_AGGRESSIVE;
				CLANG_WARN_UNREACHABLE_CODE = YES;
				CLANG_WARN__DUPLICATE_METHOD_MATCH = YES;
				CODE_SIGN_IDENTITY = "iPhone Developer";
				COPY_PHASE_STRIP = NO;
				DEBUG_INFORMATION_FORMAT = dwarf;
				ENABLE_STRICT_OBJC_MSGSEND = YES;
				ENABLE_TESTABILITY = YES;
				GCC_C_LANGUAGE_STANDARD = gnu11;
				GCC_DYNAMIC_NO_PIC = NO;
				GCC_NO_COMMON_BLOCKS = YES;
				GCC_OPTIMIZATION_LEVEL = 0;
				GCC_PREPROCESSOR_DEFINITIONS = (
					"DEBUG=1",
					"$(inherited)",
				);
				GCC_WARN_64_TO_32_BIT_CONVERSION = YES;
				GCC_WARN_ABOUT_RETURN_TYPE = YES_ERROR;
				GCC_WARN_UNDECLARED_SELECTOR = YES;
				GCC_WARN_UNINITIALIZED_AUTOS = YES_AGGRESSIVE;
				GCC_WARN_UNUSED_FUNCTION = YES;
				GCC_WARN_UNUSED_VARIABLE = YES;
				IPHONEOS_DEPLOYMENT_TARGET = 12.2;
				MTL_ENABLE_DEBUG_INFO = INCLUDE_SOURCE;
				MTL_FAST_MATH = YES;
				ONLY_ACTIVE_ARCH = YES;
				SDKROOT = iphoneos;
				SWIFT_ACTIVE_COMPILATION_CONDITIONS = DEBUG;
				SWIFT_OPTIMIZATION_LEVEL = "-Onone";
			};
			name = Debug;
		};
		029D5A9F225255F900CAB0D1 /* Release */ = {
			isa = XCBuildConfiguration;
			buildSettings = {
				ALWAYS_SEARCH_USER_PATHS = NO;
				CLANG_ANALYZER_NONNULL = YES;
				CLANG_ANALYZER_NUMBER_OBJECT_CONVERSION = YES_AGGRESSIVE;
				CLANG_CXX_LANGUAGE_STANDARD = "gnu++14";
				CLANG_CXX_LIBRARY = "libc++";
				CLANG_ENABLE_MODULES = YES;
				CLANG_ENABLE_OBJC_ARC = YES;
				CLANG_ENABLE_OBJC_WEAK = YES;
				CLANG_WARN_BLOCK_CAPTURE_AUTORELEASING = YES;
				CLANG_WARN_BOOL_CONVERSION = YES;
				CLANG_WARN_COMMA = YES;
				CLANG_WARN_CONSTANT_CONVERSION = YES;
				CLANG_WARN_DEPRECATED_OBJC_IMPLEMENTATIONS = YES;
				CLANG_WARN_DIRECT_OBJC_ISA_USAGE = YES_ERROR;
				CLANG_WARN_DOCUMENTATION_COMMENTS = YES;
				CLANG_WARN_EMPTY_BODY = YES;
				CLANG_WARN_ENUM_CONVERSION = YES;
				CLANG_WARN_INFINITE_RECURSION = YES;
				CLANG_WARN_INT_CONVERSION = YES;
				CLANG_WARN_NON_LITERAL_NULL_CONVERSION = YES;
				CLANG_WARN_OBJC_IMPLICIT_RETAIN_SELF = YES;
				CLANG_WARN_OBJC_LITERAL_CONVERSION = YES;
				CLANG_WARN_OBJC_ROOT_CLASS = YES_ERROR;
				CLANG_WARN_RANGE_LOOP_ANALYSIS = YES;
				CLANG_WARN_STRICT_PROTOTYPES = YES;
				CLANG_WARN_SUSPICIOUS_MOVE = YES;
				CLANG_WARN_UNGUARDED_AVAILABILITY = YES_AGGRESSIVE;
				CLANG_WARN_UNREACHABLE_CODE = YES;
				CLANG_WARN__DUPLICATE_METHOD_MATCH = YES;
				CODE_SIGN_IDENTITY = "iPhone Developer";
				COPY_PHASE_STRIP = NO;
				DEBUG_INFORMATION_FORMAT = "dwarf-with-dsym";
				ENABLE_NS_ASSERTIONS = NO;
				ENABLE_STRICT_OBJC_MSGSEND = YES;
				GCC_C_LANGUAGE_STANDARD = gnu11;
				GCC_NO_COMMON_BLOCKS = YES;
				GCC_WARN_64_TO_32_BIT_CONVERSION = YES;
				GCC_WARN_ABOUT_RETURN_TYPE = YES_ERROR;
				GCC_WARN_UNDECLARED_SELECTOR = YES;
				GCC_WARN_UNINITIALIZED_AUTOS = YES_AGGRESSIVE;
				GCC_WARN_UNUSED_FUNCTION = YES;
				GCC_WARN_UNUSED_VARIABLE = YES;
				IPHONEOS_DEPLOYMENT_TARGET = 12.2;
				MTL_ENABLE_DEBUG_INFO = NO;
				MTL_FAST_MATH = YES;
				SDKROOT = iphoneos;
				SWIFT_COMPILATION_MODE = wholemodule;
				SWIFT_OPTIMIZATION_LEVEL = "-O";
				VALIDATE_PRODUCT = YES;
			};
			name = Release;
		};
		029D5AA1225255F900CAB0D1 /* Debug */ = {
			isa = XCBuildConfiguration;
			baseConfigurationReference = 584B5097EE2B5C8DDBFCF0E0 /* Pods-TomsIRC.debug.xcconfig */;
			buildSettings = {
				ASSETCATALOG_COMPILER_APPICON_NAME = AppIcon;
				CODE_SIGN_STYLE = Automatic;
				DEVELOPMENT_TEAM = K6449ZUDL7;
				INFOPLIST_FILE = TomsIRC/Info.plist;
				LD_RUNPATH_SEARCH_PATHS = (
					"$(inherited)",
					"@executable_path/Frameworks",
				);
				PRODUCT_BUNDLE_IDENTIFIER = com.thackbarth.TomsIRC;
				PRODUCT_NAME = "$(TARGET_NAME)";
				SWIFT_VERSION = 5.0;
				TARGETED_DEVICE_FAMILY = "1,2";
			};
			name = Debug;
		};
		029D5AA2225255F900CAB0D1 /* Release */ = {
			isa = XCBuildConfiguration;
			baseConfigurationReference = 87FE670001E5AF1B33139316 /* Pods-TomsIRC.release.xcconfig */;
			buildSettings = {
				ASSETCATALOG_COMPILER_APPICON_NAME = AppIcon;
				CODE_SIGN_STYLE = Automatic;
				DEVELOPMENT_TEAM = K6449ZUDL7;
				INFOPLIST_FILE = TomsIRC/Info.plist;
				LD_RUNPATH_SEARCH_PATHS = (
					"$(inherited)",
					"@executable_path/Frameworks",
				);
				PRODUCT_BUNDLE_IDENTIFIER = com.thackbarth.TomsIRC;
				PRODUCT_NAME = "$(TARGET_NAME)";
				SWIFT_VERSION = 5.0;
				TARGETED_DEVICE_FAMILY = "1,2";
			};
			name = Release;
		};
		029D5AA4225255F900CAB0D1 /* Debug */ = {
			isa = XCBuildConfiguration;
			baseConfigurationReference = E665DA25908B22852BFA64E6 /* Pods-TomsIRCTests.debug.xcconfig */;
			buildSettings = {
				ALWAYS_EMBED_SWIFT_STANDARD_LIBRARIES = YES;
				BUNDLE_LOADER = "$(TEST_HOST)";
				CODE_SIGN_STYLE = Automatic;
				DEVELOPMENT_TEAM = K6449ZUDL7;
				INFOPLIST_FILE = TomsIRCTests/Info.plist;
				LD_RUNPATH_SEARCH_PATHS = (
					"$(inherited)",
					"@executable_path/Frameworks",
					"@loader_path/Frameworks",
				);
				PRODUCT_BUNDLE_IDENTIFIER = com.thackbarth.TomsIRCTests;
				PRODUCT_NAME = "$(TARGET_NAME)";
				SWIFT_VERSION = 5.0;
				TARGETED_DEVICE_FAMILY = "1,2";
				TEST_HOST = "$(BUILT_PRODUCTS_DIR)/TomsIRC.app/TomsIRC";
			};
			name = Debug;
		};
		029D5AA5225255F900CAB0D1 /* Release */ = {
			isa = XCBuildConfiguration;
			baseConfigurationReference = D9E692AAD857073D8B88291D /* Pods-TomsIRCTests.release.xcconfig */;
			buildSettings = {
				ALWAYS_EMBED_SWIFT_STANDARD_LIBRARIES = YES;
				BUNDLE_LOADER = "$(TEST_HOST)";
				CODE_SIGN_STYLE = Automatic;
				DEVELOPMENT_TEAM = K6449ZUDL7;
				INFOPLIST_FILE = TomsIRCTests/Info.plist;
				LD_RUNPATH_SEARCH_PATHS = (
					"$(inherited)",
					"@executable_path/Frameworks",
					"@loader_path/Frameworks",
				);
				PRODUCT_BUNDLE_IDENTIFIER = com.thackbarth.TomsIRCTests;
				PRODUCT_NAME = "$(TARGET_NAME)";
				SWIFT_VERSION = 5.0;
				TARGETED_DEVICE_FAMILY = "1,2";
				TEST_HOST = "$(BUILT_PRODUCTS_DIR)/TomsIRC.app/TomsIRC";
			};
			name = Release;
		};
		029D5AA7225255F900CAB0D1 /* Debug */ = {
			isa = XCBuildConfiguration;
			baseConfigurationReference = 071C272FB7DB1CD1645F3B75 /* Pods-TomsIRCUITests.debug.xcconfig */;
			buildSettings = {
				ALWAYS_EMBED_SWIFT_STANDARD_LIBRARIES = YES;
				CODE_SIGN_STYLE = Automatic;
				DEVELOPMENT_TEAM = K6449ZUDL7;
				INFOPLIST_FILE = TomsIRCUITests/Info.plist;
				LD_RUNPATH_SEARCH_PATHS = (
					"$(inherited)",
					"@executable_path/Frameworks",
					"@loader_path/Frameworks",
				);
				PRODUCT_BUNDLE_IDENTIFIER = com.thackbarth.TomsIRCUITests;
				PRODUCT_NAME = "$(TARGET_NAME)";
				SWIFT_VERSION = 5.0;
				TARGETED_DEVICE_FAMILY = "1,2";
				TEST_TARGET_NAME = TomsIRC;
			};
			name = Debug;
		};
		029D5AA8225255F900CAB0D1 /* Release */ = {
			isa = XCBuildConfiguration;
			baseConfigurationReference = B7404BD25F9C6FDE57B80A0D /* Pods-TomsIRCUITests.release.xcconfig */;
			buildSettings = {
				ALWAYS_EMBED_SWIFT_STANDARD_LIBRARIES = YES;
				CODE_SIGN_STYLE = Automatic;
				DEVELOPMENT_TEAM = K6449ZUDL7;
				INFOPLIST_FILE = TomsIRCUITests/Info.plist;
				LD_RUNPATH_SEARCH_PATHS = (
					"$(inherited)",
					"@executable_path/Frameworks",
					"@loader_path/Frameworks",
				);
				PRODUCT_BUNDLE_IDENTIFIER = com.thackbarth.TomsIRCUITests;
				PRODUCT_NAME = "$(TARGET_NAME)";
				SWIFT_VERSION = 5.0;
				TARGETED_DEVICE_FAMILY = "1,2";
				TEST_TARGET_NAME = TomsIRC;
			};
			name = Release;
		};
/* End XCBuildConfiguration section */

/* Begin XCConfigurationList section */
		029D5A6E225255F800CAB0D1 /* Build configuration list for PBXProject "TomsIRC" */ = {
			isa = XCConfigurationList;
			buildConfigurations = (
				029D5A9E225255F900CAB0D1 /* Debug */,
				029D5A9F225255F900CAB0D1 /* Release */,
			);
			defaultConfigurationIsVisible = 0;
			defaultConfigurationName = Release;
		};
		029D5AA0225255F900CAB0D1 /* Build configuration list for PBXNativeTarget "TomsIRC" */ = {
			isa = XCConfigurationList;
			buildConfigurations = (
				029D5AA1225255F900CAB0D1 /* Debug */,
				029D5AA2225255F900CAB0D1 /* Release */,
			);
			defaultConfigurationIsVisible = 0;
			defaultConfigurationName = Release;
		};
		029D5AA3225255F900CAB0D1 /* Build configuration list for PBXNativeTarget "TomsIRCTests" */ = {
			isa = XCConfigurationList;
			buildConfigurations = (
				029D5AA4225255F900CAB0D1 /* Debug */,
				029D5AA5225255F900CAB0D1 /* Release */,
			);
			defaultConfigurationIsVisible = 0;
			defaultConfigurationName = Release;
		};
		029D5AA6225255F900CAB0D1 /* Build configuration list for PBXNativeTarget "TomsIRCUITests" */ = {
			isa = XCConfigurationList;
			buildConfigurations = (
				029D5AA7225255F900CAB0D1 /* Debug */,
				029D5AA8225255F900CAB0D1 /* Release */,
			);
			defaultConfigurationIsVisible = 0;
			defaultConfigurationName = Release;
		};
/* End XCConfigurationList section */

/* Begin XCVersionGroup section */
		029D5A78225255F800CAB0D1 /* TomsIRC.xcdatamodeld */ = {
			isa = XCVersionGroup;
			children = (
				029D5A79225255F800CAB0D1 /* TomsIRC.xcdatamodel */,
			);
			currentVersion = 029D5A79225255F800CAB0D1 /* TomsIRC.xcdatamodel */;
			path = TomsIRC.xcdatamodeld;
			sourceTree = "<group>";
			versionGroupType = wrapper.xcdatamodel;
		};
/* End XCVersionGroup section */
	};
	rootObject = 029D5A6B225255F800CAB0D1 /* Project object */;
}
